
Microsoft Visual Studio Solution File, Format Version 12.00
# Visual Studio Version 17
VisualStudioVersion = 17.14.36408.4
MinimumVisualStudioVersion = 10.0.40219.1
Project("{2150E333-8FDC-42A3-9474-1A3956D46DE8}") = "src", "src", "{02EA681E-C7D8-13C7-8484-4AC65E1B71E8}"
EndProject
Project("{FAE04EC0-301F-11D3-BF4B-00C04F79EFBC}") = "ApartmentManagement.API", "src\ApartmentManagement.API\ApartmentManagement.API.csproj", "{061DB540-8BAD-41A0-B8CC-A6C12253D7B1}"
EndProject
Project("{2150E333-8FDC-42A3-9474-1A3956D46DE8}") = "Leasing", "Leasing", "{903F86B7-FC8F-4C02-83F3-B94421F5515A}"
EndProject
Project("{FAE04EC0-301F-11D3-BF4B-00C04F79EFBC}") = "Leasing.Application", "src\Leasing\Leasing.Application\Leasing.Application.csproj", "{8E92AD4B-2950-4BB7-BE20-29E812D3FC8B}"
EndProject
Project("{FAE04EC0-301F-11D3-BF4B-00C04F79EFBC}") = "Leasing.Controllers", "src\Leasing\Leasing.Controllers\Leasing.Controllers.csproj", "{917C1F3C-1182-45C5-93A1-6D570DD2EC54}"
EndProject
Project("{FAE04EC0-301F-11D3-BF4B-00C04F79EFBC}") = "Leasing.Domain", "src\Leasing\Leasing.Domain\Leasing.Domain.csproj", "{A9DFC1ED-1DFE-486D-BC67-A58BD9828706}"
EndProject
Project("{FAE04EC0-301F-11D3-BF4B-00C04F79EFBC}") = "Leasing.Infrastructure", "src\Leasing\Leasing.Infrastructure\Leasing.Infrastructure.csproj", "{A2187CBF-A4BE-4797-814B-14CA8E45E658}"
EndProject
Project("{FAE04EC0-301F-11D3-BF4B-00C04F79EFBC}") = "Leasing.IntegrationEvent", "src\Leasing\Leasing.IntegrationEvent\Leasing.IntegrationEvent.csproj", "{D5ADC962-E224-4153-908C-3FCE357EAB3E}"
EndProject
Project("{2150E333-8FDC-42A3-9474-1A3956D46DE8}") = "Ownership", "Ownership", "{532CDFF1-693F-49A5-9E19-CCC5968E3BCC}"
EndProject
Project("{FAE04EC0-301F-11D3-BF4B-00C04F79EFBC}") = "Ownership.Application", "src\Ownership\Ownership.Application\Ownership.Application.csproj", "{17BFB138-0BCA-4A2C-B5C0-0DEF907FE3E3}"
EndProject
Project("{FAE04EC0-301F-11D3-BF4B-00C04F79EFBC}") = "Ownership.Controllers", "src\Ownership\Ownership.Controllers\Ownership.Controllers.csproj", "{4627EB6F-B981-4096-8E07-964E628AE8D5}"
EndProject
Project("{FAE04EC0-301F-11D3-BF4B-00C04F79EFBC}") = "Ownership.Domain", "src\Ownership\Ownership.Domain\Ownership.Domain.csproj", "{9F5D00AE-6912-465D-B11E-60FD8E6F788C}"
EndProject
Project("{FAE04EC0-301F-11D3-BF4B-00C04F79EFBC}") = "Ownership.Infrastructure", "src\Ownership\Ownership.Infrastructure\Ownership.Infrastructure.csproj", "{134F3029-E966-4041-B877-AB946A0B249E}"
EndProject
Project("{FAE04EC0-301F-11D3-BF4B-00C04F79EFBC}") = "Ownership.IntegrationEvent", "src\Ownership\Ownership.IntegrationEvent\Ownership.IntegrationEvent.csproj", "{3280422F-EF96-4AFA-B51D-520440135C5A}"
EndProject
Project("{FAE04EC0-301F-11D3-BF4B-00C04F79EFBC}") = "ApartmentManagement.Contracts", "src\ApartmentManagement.Contracts\ApartmentManagement.Contracts.csproj", "{9BAC390C-C343-4E14-8993-9685F9D2AFB8}"
EndProject
Project("{FAE04EC0-301F-11D3-BF4B-00C04F79EFBC}") = "ApartmentManagement.SharedKernel", "src\ApartmentManagement.SharedKernel\ApartmentManagement.SharedKernel.csproj", "{69467D3B-6FA3-43D5-8811-F40D8A81516A}"
EndProject
Project("{2150E333-8FDC-42A3-9474-1A3956D46DE8}") = "Tenancy", "Tenancy", "{8599181D-CBA6-4C5F-8A6B-828F48060812}"
EndProject
Project("{FAE04EC0-301F-11D3-BF4B-00C04F79EFBC}") = "Tenancy.Application", "src\Tenancy\Tenancy.Application\Tenancy.Application.csproj", "{D218C7AB-4812-09E5-634C-E40DD7C078F9}"
EndProject
Project("{FAE04EC0-301F-11D3-BF4B-00C04F79EFBC}") = "Tenancy.Controllers", "src\Tenancy\Tenancy.Controllers\Tenancy.Controllers.csproj", "{1F3097EF-73FD-5445-CE6C-59D93C3E19E1}"
EndProject
Project("{FAE04EC0-301F-11D3-BF4B-00C04F79EFBC}") = "Tenancy.Domain", "src\Tenancy\Tenancy.Domain\Tenancy.Domain.csproj", "{8727D606-0024-9D18-D1C6-8A8AE0BC60BC}"
EndProject
Project("{FAE04EC0-301F-11D3-BF4B-00C04F79EFBC}") = "Tenancy.Infrastructure", "src\Tenancy\Tenancy.Infrastructure\Tenancy.Infrastructure.csproj", "{7F991868-BDE2-6A1D-8FAF-422994007BE9}"
EndProject
Project("{FAE04EC0-301F-11D3-BF4B-00C04F79EFBC}") = "Tenancy.IntegrationEvent", "src\Tenancy\Tenancy.IntegrationEvent\Tenancy.IntegrationEvent.csproj", "{5116D4B6-1618-9C1D-D4AA-6504A919F3C7}"
EndProject
Project("{2150E333-8FDC-42A3-9474-1A3956D46DE8}") = "Property", "Property", "{D5DA52FF-A725-46ED-A381-2D62360C33C2}"
EndProject
Project("{FAE04EC0-301F-11D3-BF4B-00C04F79EFBC}") = "Property.Application", "src\Property\Property.Application\Property.Application.csproj", "{AFF112EE-E274-4FD2-A6EA-917C81117AE9}"
EndProject
Project("{FAE04EC0-301F-11D3-BF4B-00C04F79EFBC}") = "Property.Controllers", "src\Property\Property.Controllers\Property.Controllers.csproj", "{DCE86739-5BD9-45AA-B3A0-1150E3D22F44}"
EndProject
Project("{FAE04EC0-301F-11D3-BF4B-00C04F79EFBC}") = "Property.Domain", "src\Property\Property.Domain\Property.Domain.csproj", "{F0C8E0E8-A5BB-454A-8D3D-11D5A290AEE4}"
EndProject
Project("{FAE04EC0-301F-11D3-BF4B-00C04F79EFBC}") = "Property.Infrastructure", "src\Property\Property.Infrastructure\Property.Infrastructure.csproj", "{CF80627A-2363-468A-9E04-734CA98A996B}"
EndProject
Project("{FAE04EC0-301F-11D3-BF4B-00C04F79EFBC}") = "Property.IntegrationEvent", "src\Property\Property.IntegrationEvent\Property.IntegrationEvent.csproj", "{3DA791F6-1EF5-49FF-8210-40295A736329}"
EndProject
Project("{2150E333-8FDC-42A3-9474-1A3956D46DE8}") = "Billing", "Billing", "{1F96A07A-B38F-4EF9-91AC-146427B74EEF}"
EndProject
Project("{FAE04EC0-301F-11D3-BF4B-00C04F79EFBC}") = "Billing.Application", "src\Billing\Billing.Application\Billing.Application.csproj", "{C1D61319-209C-4123-B7CD-FD4C40E03465}"
EndProject
Project("{FAE04EC0-301F-11D3-BF4B-00C04F79EFBC}") = "Billing.Controllers", "src\Billing\Billing.Controllers\Billing.Controllers.csproj", "{B8987BFE-A8FB-428A-9B2B-5A6BB18AF8C7}"
EndProject
Project("{FAE04EC0-301F-11D3-BF4B-00C04F79EFBC}") = "Billing.Domain", "src\Billing\Billing.Domain\Billing.Domain.csproj", "{020B9818-DABC-4C6F-A3AC-55E8994E7AEC}"
EndProject
Project("{FAE04EC0-301F-11D3-BF4B-00C04F79EFBC}") = "Billing.Infrastructure", "src\Billing\Billing.Infrastructure\Billing.Infrastructure.csproj", "{8EAAC9A2-2317-479E-B39A-90DC648A3383}"
EndProject
Project("{FAE04EC0-301F-11D3-BF4B-00C04F79EFBC}") = "Billing.IntegrationEvent", "src\Billing\Billing.IntegrationEvent\Billing.IntegrationEvent.csproj", "{E7CBD5B3-C2D5-4A00-A613-582D2EA78812}"
EndProject
Global
	GlobalSection(SolutionConfigurationPlatforms) = preSolution
		Debug|Any CPU = Debug|Any CPU
		Release|Any CPU = Release|Any CPU
	EndGlobalSection
	GlobalSection(ProjectConfigurationPlatforms) = postSolution
		{061DB540-8BAD-41A0-B8CC-A6C12253D7B1}.Debug|Any CPU.ActiveCfg = Debug|Any CPU
		{061DB540-8BAD-41A0-B8CC-A6C12253D7B1}.Debug|Any CPU.Build.0 = Debug|Any CPU
		{061DB540-8BAD-41A0-B8CC-A6C12253D7B1}.Release|Any CPU.ActiveCfg = Release|Any CPU
		{061DB540-8BAD-41A0-B8CC-A6C12253D7B1}.Release|Any CPU.Build.0 = Release|Any CPU
		{8E92AD4B-2950-4BB7-BE20-29E812D3FC8B}.Debug|Any CPU.ActiveCfg = Debug|Any CPU
		{8E92AD4B-2950-4BB7-BE20-29E812D3FC8B}.Debug|Any CPU.Build.0 = Debug|Any CPU
		{8E92AD4B-2950-4BB7-BE20-29E812D3FC8B}.Release|Any CPU.ActiveCfg = Release|Any CPU
		{8E92AD4B-2950-4BB7-BE20-29E812D3FC8B}.Release|Any CPU.Build.0 = Release|Any CPU
		{917C1F3C-1182-45C5-93A1-6D570DD2EC54}.Debug|Any CPU.ActiveCfg = Debug|Any CPU
		{917C1F3C-1182-45C5-93A1-6D570DD2EC54}.Debug|Any CPU.Build.0 = Debug|Any CPU
		{917C1F3C-1182-45C5-93A1-6D570DD2EC54}.Release|Any CPU.ActiveCfg = Release|Any CPU
		{917C1F3C-1182-45C5-93A1-6D570DD2EC54}.Release|Any CPU.Build.0 = Release|Any CPU
		{A9DFC1ED-1DFE-486D-BC67-A58BD9828706}.Debug|Any CPU.ActiveCfg = Debug|Any CPU
		{A9DFC1ED-1DFE-486D-BC67-A58BD9828706}.Debug|Any CPU.Build.0 = Debug|Any CPU
		{A9DFC1ED-1DFE-486D-BC67-A58BD9828706}.Release|Any CPU.ActiveCfg = Release|Any CPU
		{A9DFC1ED-1DFE-486D-BC67-A58BD9828706}.Release|Any CPU.Build.0 = Release|Any CPU
		{A2187CBF-A4BE-4797-814B-14CA8E45E658}.Debug|Any CPU.ActiveCfg = Debug|Any CPU
		{A2187CBF-A4BE-4797-814B-14CA8E45E658}.Debug|Any CPU.Build.0 = Debug|Any CPU
		{A2187CBF-A4BE-4797-814B-14CA8E45E658}.Release|Any CPU.ActiveCfg = Release|Any CPU
		{A2187CBF-A4BE-4797-814B-14CA8E45E658}.Release|Any CPU.Build.0 = Release|Any CPU
		{D5ADC962-E224-4153-908C-3FCE357EAB3E}.Debug|Any CPU.ActiveCfg = Debug|Any CPU
		{D5ADC962-E224-4153-908C-3FCE357EAB3E}.Debug|Any CPU.Build.0 = Debug|Any CPU
		{D5ADC962-E224-4153-908C-3FCE357EAB3E}.Release|Any CPU.ActiveCfg = Release|Any CPU
		{D5ADC962-E224-4153-908C-3FCE357EAB3E}.Release|Any CPU.Build.0 = Release|Any CPU
		{17BFB138-0BCA-4A2C-B5C0-0DEF907FE3E3}.Debug|Any CPU.ActiveCfg = Debug|Any CPU
		{17BFB138-0BCA-4A2C-B5C0-0DEF907FE3E3}.Debug|Any CPU.Build.0 = Debug|Any CPU
		{17BFB138-0BCA-4A2C-B5C0-0DEF907FE3E3}.Release|Any CPU.ActiveCfg = Release|Any CPU
		{17BFB138-0BCA-4A2C-B5C0-0DEF907FE3E3}.Release|Any CPU.Build.0 = Release|Any CPU
		{4627EB6F-B981-4096-8E07-964E628AE8D5}.Debug|Any CPU.ActiveCfg = Debug|Any CPU
		{4627EB6F-B981-4096-8E07-964E628AE8D5}.Debug|Any CPU.Build.0 = Debug|Any CPU
		{4627EB6F-B981-4096-8E07-964E628AE8D5}.Release|Any CPU.ActiveCfg = Release|Any CPU
		{4627EB6F-B981-4096-8E07-964E628AE8D5}.Release|Any CPU.Build.0 = Release|Any CPU
		{9F5D00AE-6912-465D-B11E-60FD8E6F788C}.Debug|Any CPU.ActiveCfg = Debug|Any CPU
		{9F5D00AE-6912-465D-B11E-60FD8E6F788C}.Debug|Any CPU.Build.0 = Debug|Any CPU
		{9F5D00AE-6912-465D-B11E-60FD8E6F788C}.Release|Any CPU.ActiveCfg = Release|Any CPU
		{9F5D00AE-6912-465D-B11E-60FD8E6F788C}.Release|Any CPU.Build.0 = Release|Any CPU
		{134F3029-E966-4041-B877-AB946A0B249E}.Debug|Any CPU.ActiveCfg = Debug|Any CPU
		{134F3029-E966-4041-B877-AB946A0B249E}.Debug|Any CPU.Build.0 = Debug|Any CPU
		{134F3029-E966-4041-B877-AB946A0B249E}.Release|Any CPU.ActiveCfg = Release|Any CPU
		{134F3029-E966-4041-B877-AB946A0B249E}.Release|Any CPU.Build.0 = Release|Any CPU
		{3280422F-EF96-4AFA-B51D-520440135C5A}.Debug|Any CPU.ActiveCfg = Debug|Any CPU
		{3280422F-EF96-4AFA-B51D-520440135C5A}.Debug|Any CPU.Build.0 = Debug|Any CPU
		{3280422F-EF96-4AFA-B51D-520440135C5A}.Release|Any CPU.ActiveCfg = Release|Any CPU
		{3280422F-EF96-4AFA-B51D-520440135C5A}.Release|Any CPU.Build.0 = Release|Any CPU
		{9BAC390C-C343-4E14-8993-9685F9D2AFB8}.Debug|Any CPU.ActiveCfg = Debug|Any CPU
		{9BAC390C-C343-4E14-8993-9685F9D2AFB8}.Debug|Any CPU.Build.0 = Debug|Any CPU
		{9BAC390C-C343-4E14-8993-9685F9D2AFB8}.Release|Any CPU.ActiveCfg = Release|Any CPU
		{9BAC390C-C343-4E14-8993-9685F9D2AFB8}.Release|Any CPU.Build.0 = Release|Any CPU
		{69467D3B-6FA3-43D5-8811-F40D8A81516A}.Debug|Any CPU.ActiveCfg = Debug|Any CPU
		{69467D3B-6FA3-43D5-8811-F40D8A81516A}.Debug|Any CPU.Build.0 = Debug|Any CPU
		{69467D3B-6FA3-43D5-8811-F40D8A81516A}.Release|Any CPU.ActiveCfg = Release|Any CPU
		{69467D3B-6FA3-43D5-8811-F40D8A81516A}.Release|Any CPU.Build.0 = Release|Any CPU
		{D218C7AB-4812-09E5-634C-E40DD7C078F9}.Debug|Any CPU.ActiveCfg = Debug|Any CPU
		{D218C7AB-4812-09E5-634C-E40DD7C078F9}.Debug|Any CPU.Build.0 = Debug|Any CPU
		{D218C7AB-4812-09E5-634C-E40DD7C078F9}.Release|Any CPU.ActiveCfg = Release|Any CPU
		{D218C7AB-4812-09E5-634C-E40DD7C078F9}.Release|Any CPU.Build.0 = Release|Any CPU
		{1F3097EF-73FD-5445-CE6C-59D93C3E19E1}.Debug|Any CPU.ActiveCfg = Debug|Any CPU
		{1F3097EF-73FD-5445-CE6C-59D93C3E19E1}.Debug|Any CPU.Build.0 = Debug|Any CPU
		{1F3097EF-73FD-5445-CE6C-59D93C3E19E1}.Release|Any CPU.ActiveCfg = Release|Any CPU
		{1F3097EF-73FD-5445-CE6C-59D93C3E19E1}.Release|Any CPU.Build.0 = Release|Any CPU
		{8727D606-0024-9D18-D1C6-8A8AE0BC60BC}.Debug|Any CPU.ActiveCfg = Debug|Any CPU
		{8727D606-0024-9D18-D1C6-8A8AE0BC60BC}.Debug|Any CPU.Build.0 = Debug|Any CPU
		{8727D606-0024-9D18-D1C6-8A8AE0BC60BC}.Release|Any CPU.ActiveCfg = Release|Any CPU
		{8727D606-0024-9D18-D1C6-8A8AE0BC60BC}.Release|Any CPU.Build.0 = Release|Any CPU
		{7F991868-BDE2-6A1D-8FAF-422994007BE9}.Debug|Any CPU.ActiveCfg = Debug|Any CPU
		{7F991868-BDE2-6A1D-8FAF-422994007BE9}.Debug|Any CPU.Build.0 = Debug|Any CPU
		{7F991868-BDE2-6A1D-8FAF-422994007BE9}.Release|Any CPU.ActiveCfg = Release|Any CPU
		{7F991868-BDE2-6A1D-8FAF-422994007BE9}.Release|Any CPU.Build.0 = Release|Any CPU
		{5116D4B6-1618-9C1D-D4AA-6504A919F3C7}.Debug|Any CPU.ActiveCfg = Debug|Any CPU
		{5116D4B6-1618-9C1D-D4AA-6504A919F3C7}.Debug|Any CPU.Build.0 = Debug|Any CPU
		{5116D4B6-1618-9C1D-D4AA-6504A919F3C7}.Release|Any CPU.ActiveCfg = Release|Any CPU
		{5116D4B6-1618-9C1D-D4AA-6504A919F3C7}.Release|Any CPU.Build.0 = Release|Any CPU
		{AFF112EE-E274-4FD2-A6EA-917C81117AE9}.Debug|Any CPU.ActiveCfg = Debug|Any CPU
		{AFF112EE-E274-4FD2-A6EA-917C81117AE9}.Debug|Any CPU.Build.0 = Debug|Any CPU
		{AFF112EE-E274-4FD2-A6EA-917C81117AE9}.Release|Any CPU.ActiveCfg = Release|Any CPU
		{AFF112EE-E274-4FD2-A6EA-917C81117AE9}.Release|Any CPU.Build.0 = Release|Any CPU
		{DCE86739-5BD9-45AA-B3A0-1150E3D22F44}.Debug|Any CPU.ActiveCfg = Debug|Any CPU
		{DCE86739-5BD9-45AA-B3A0-1150E3D22F44}.Debug|Any CPU.Build.0 = Debug|Any CPU
		{DCE86739-5BD9-45AA-B3A0-1150E3D22F44}.Release|Any CPU.ActiveCfg = Release|Any CPU
		{DCE86739-5BD9-45AA-B3A0-1150E3D22F44}.Release|Any CPU.Build.0 = Release|Any CPU
		{F0C8E0E8-A5BB-454A-8D3D-11D5A290AEE4}.Debug|Any CPU.ActiveCfg = Debug|Any CPU
		{F0C8E0E8-A5BB-454A-8D3D-11D5A290AEE4}.Debug|Any CPU.Build.0 = Debug|Any CPU
		{F0C8E0E8-A5BB-454A-8D3D-11D5A290AEE4}.Release|Any CPU.ActiveCfg = Release|Any CPU
		{F0C8E0E8-A5BB-454A-8D3D-11D5A290AEE4}.Release|Any CPU.Build.0 = Release|Any CPU
		{CF80627A-2363-468A-9E04-734CA98A996B}.Debug|Any CPU.ActiveCfg = Debug|Any CPU
		{CF80627A-2363-468A-9E04-734CA98A996B}.Debug|Any CPU.Build.0 = Debug|Any CPU
		{CF80627A-2363-468A-9E04-734CA98A996B}.Release|Any CPU.ActiveCfg = Release|Any CPU
		{CF80627A-2363-468A-9E04-734CA98A996B}.Release|Any CPU.Build.0 = Release|Any CPU
		{3DA791F6-1EF5-49FF-8210-40295A736329}.Debug|Any CPU.ActiveCfg = Debug|Any CPU
		{3DA791F6-1EF5-49FF-8210-40295A736329}.Debug|Any CPU.Build.0 = Debug|Any CPU
		{3DA791F6-1EF5-49FF-8210-40295A736329}.Release|Any CPU.ActiveCfg = Release|Any CPU
		{3DA791F6-1EF5-49FF-8210-40295A736329}.Release|Any CPU.Build.0 = Release|Any CPU
		{C1D61319-209C-4123-B7CD-FD4C40E03465}.Debug|Any CPU.ActiveCfg = Debug|Any CPU
		{C1D61319-209C-4123-B7CD-FD4C40E03465}.Debug|Any CPU.Build.0 = Debug|Any CPU
		{C1D61319-209C-4123-B7CD-FD4C40E03465}.Release|Any CPU.ActiveCfg = Release|Any CPU
		{C1D61319-209C-4123-B7CD-FD4C40E03465}.Release|Any CPU.Build.0 = Release|Any CPU
		{B8987BFE-A8FB-428A-9B2B-5A6BB18AF8C7}.Debug|Any CPU.ActiveCfg = Debug|Any CPU
		{B8987BFE-A8FB-428A-9B2B-5A6BB18AF8C7}.Debug|Any CPU.Build.0 = Debug|Any CPU
		{B8987BFE-A8FB-428A-9B2B-5A6BB18AF8C7}.Release|Any CPU.ActiveCfg = Release|Any CPU
		{B8987BFE-A8FB-428A-9B2B-5A6BB18AF8C7}.Release|Any CPU.Build.0 = Release|Any CPU
		{020B9818-DABC-4C6F-A3AC-55E8994E7AEC}.Debug|Any CPU.ActiveCfg = Debug|Any CPU
		{020B9818-DABC-4C6F-A3AC-55E8994E7AEC}.Debug|Any CPU.Build.0 = Debug|Any CPU
		{020B9818-DABC-4C6F-A3AC-55E8994E7AEC}.Release|Any CPU.ActiveCfg = Release|Any CPU
		{020B9818-DABC-4C6F-A3AC-55E8994E7AEC}.Release|Any CPU.Build.0 = Release|Any CPU
		{8EAAC9A2-2317-479E-B39A-90DC648A3383}.Debug|Any CPU.ActiveCfg = Debug|Any CPU
		{8EAAC9A2-2317-479E-B39A-90DC648A3383}.Debug|Any CPU.Build.0 = Debug|Any CPU
		{8EAAC9A2-2317-479E-B39A-90DC648A3383}.Release|Any CPU.ActiveCfg = Release|Any CPU
		{8EAAC9A2-2317-479E-B39A-90DC648A3383}.Release|Any CPU.Build.0 = Release|Any CPU
		{E7CBD5B3-C2D5-4A00-A613-582D2EA78812}.Debug|Any CPU.ActiveCfg = Debug|Any CPU
		{E7CBD5B3-C2D5-4A00-A613-582D2EA78812}.Debug|Any CPU.Build.0 = Debug|Any CPU
		{E7CBD5B3-C2D5-4A00-A613-582D2EA78812}.Release|Any CPU.ActiveCfg = Release|Any CPU
		{E7CBD5B3-C2D5-4A00-A613-582D2EA78812}.Release|Any CPU.Build.0 = Release|Any CPU
	EndGlobalSection
	GlobalSection(SolutionProperties) = preSolution
		HideSolutionNode = FALSE
	EndGlobalSection
	GlobalSection(NestedProjects) = preSolution
		{061DB540-8BAD-41A0-B8CC-A6C12253D7B1} = {02EA681E-C7D8-13C7-8484-4AC65E1B71E8}
		{903F86B7-FC8F-4C02-83F3-B94421F5515A} = {02EA681E-C7D8-13C7-8484-4AC65E1B71E8}
		{8E92AD4B-2950-4BB7-BE20-29E812D3FC8B} = {903F86B7-FC8F-4C02-83F3-B94421F5515A}
		{917C1F3C-1182-45C5-93A1-6D570DD2EC54} = {903F86B7-FC8F-4C02-83F3-B94421F5515A}
		{A9DFC1ED-1DFE-486D-BC67-A58BD9828706} = {903F86B7-FC8F-4C02-83F3-B94421F5515A}
		{A2187CBF-A4BE-4797-814B-14CA8E45E658} = {903F86B7-FC8F-4C02-83F3-B94421F5515A}
		{D5ADC962-E224-4153-908C-3FCE357EAB3E} = {903F86B7-FC8F-4C02-83F3-B94421F5515A}
		{532CDFF1-693F-49A5-9E19-CCC5968E3BCC} = {02EA681E-C7D8-13C7-8484-4AC65E1B71E8}
		{17BFB138-0BCA-4A2C-B5C0-0DEF907FE3E3} = {532CDFF1-693F-49A5-9E19-CCC5968E3BCC}
		{4627EB6F-B981-4096-8E07-964E628AE8D5} = {532CDFF1-693F-49A5-9E19-CCC5968E3BCC}
		{9F5D00AE-6912-465D-B11E-60FD8E6F788C} = {532CDFF1-693F-49A5-9E19-CCC5968E3BCC}
		{134F3029-E966-4041-B877-AB946A0B249E} = {532CDFF1-693F-49A5-9E19-CCC5968E3BCC}
		{3280422F-EF96-4AFA-B51D-520440135C5A} = {532CDFF1-693F-49A5-9E19-CCC5968E3BCC}
		{9BAC390C-C343-4E14-8993-9685F9D2AFB8} = {02EA681E-C7D8-13C7-8484-4AC65E1B71E8}
		{69467D3B-6FA3-43D5-8811-F40D8A81516A} = {02EA681E-C7D8-13C7-8484-4AC65E1B71E8}
		{8599181D-CBA6-4C5F-8A6B-828F48060812} = {02EA681E-C7D8-13C7-8484-4AC65E1B71E8}
		{D218C7AB-4812-09E5-634C-E40DD7C078F9} = {8599181D-CBA6-4C5F-8A6B-828F48060812}
		{1F3097EF-73FD-5445-CE6C-59D93C3E19E1} = {8599181D-CBA6-4C5F-8A6B-828F48060812}
		{8727D606-0024-9D18-D1C6-8A8AE0BC60BC} = {8599181D-CBA6-4C5F-8A6B-828F48060812}
		{7F991868-BDE2-6A1D-8FAF-422994007BE9} = {8599181D-CBA6-4C5F-8A6B-828F48060812}
		{5116D4B6-1618-9C1D-D4AA-6504A919F3C7} = {8599181D-CBA6-4C5F-8A6B-828F48060812}
		{D5DA52FF-A725-46ED-A381-2D62360C33C2} = {02EA681E-C7D8-13C7-8484-4AC65E1B71E8}
		{AFF112EE-E274-4FD2-A6EA-917C81117AE9} = {D5DA52FF-A725-46ED-A381-2D62360C33C2}
		{DCE86739-5BD9-45AA-B3A0-1150E3D22F44} = {D5DA52FF-A725-46ED-A381-2D62360C33C2}
		{F0C8E0E8-A5BB-454A-8D3D-11D5A290AEE4} = {D5DA52FF-A725-46ED-A381-2D62360C33C2}
		{CF80627A-2363-468A-9E04-734CA98A996B} = {D5DA52FF-A725-46ED-A381-2D62360C33C2}
		{3DA791F6-1EF5-49FF-8210-40295A736329} = {D5DA52FF-A725-46ED-A381-2D62360C33C2}
		{1F96A07A-B38F-4EF9-91AC-146427B74EEF} = {02EA681E-C7D8-13C7-8484-4AC65E1B71E8}
		{C1D61319-209C-4123-B7CD-FD4C40E03465} = {1F96A07A-B38F-4EF9-91AC-146427B74EEF}
		{B8987BFE-A8FB-428A-9B2B-5A6BB18AF8C7} = {1F96A07A-B38F-4EF9-91AC-146427B74EEF}
		{020B9818-DABC-4C6F-A3AC-55E8994E7AEC} = {1F96A07A-B38F-4EF9-91AC-146427B74EEF}
		{8EAAC9A2-2317-479E-B39A-90DC648A3383} = {1F96A07A-B38F-4EF9-91AC-146427B74EEF}
		{E7CBD5B3-C2D5-4A00-A613-582D2EA78812} = {1F96A07A-B38F-4EF9-91AC-146427B74EEF}
	EndGlobalSection
	GlobalSection(ExtensibilityGlobals) = postSolution
		SolutionGuid = {DBEEE8AC-6B6F-4F78-B812-E5BCF04736E2}
	EndGlobalSection
EndGlobal
